<?xml version="1.0" encoding="UTF-8" standalone="yes" ?>
<CodeBlocks_project_file>
	<FileVersion major="1" minor="6" />
	<Project>
		<Option title="FastAnalysis" />
		<Option pch_mode="2" />
		<Option compiler="gcc" />
		<Build>
			<Target title="Debug">
				<Option output="bin/Debug/FastAnalysis" prefix_auto="1" extension_auto="1" />
				<Option object_output="obj/Debug/" />
				<Option type="1" />
				<Option compiler="gcc" />
				<Compiler>
					<Add option="-g" />
				</Compiler>
			</Target>
		</Build>
		<Compiler>
			<Add option="-Wall" />
		</Compiler>
		<Unit filename="../include/FastAnalysis/FourMomentum.hh" />
		<Unit filename="../include/FastAnalysis/LheReader.hh" />
		<Unit filename="../include/FastAnalysis/Selectors.hh" />
		<Unit filename="../include/FastAnalysis/Utils.hh" />
		<Unit filename="../include/FourMomentum.hh" />
		<Unit filename="../include/LheReader.hh" />
		<Unit filename="../include/Selectors.hh" />
		<Unit filename="../include/Utils.hh" />
		<Unit filename="../src/FourMomentum.cc" />
		<Unit filename="../src/LheReader.cc" />
		<Unit filename="../src/Selectors.cc" />
		<Unit filename="../src/Utils.cc" />
		<Extensions>
			<code_completion />
			<debugger />
		</Extensions>
	</Project>
</CodeBlocks_project_file>
